
Microsoft Visual Studio Solution File, Format Version 12.00
# Visual Studio Version 17
VisualStudioVersion = 17.7.34031.279
MinimumVisualStudioVersion = 10.0.40219.1
Project("{FAE04EC0-301F-11D3-BF4B-00C04F79EFBC}") = "UplodaFile", "UplodaFile\UplodaFile.csproj", "{448554A6-9094-40A6-B3EC-B979A3F85220}"
EndProject
Global
	GlobalSection(SolutionConfigurationPlatforms) = preSolution
		Debug|Any CPU = Debug|Any CPU
		Release|Any CPU = Release|Any CPU
	EndGlobalSection
	GlobalSection(ProjectConfigurationPlatforms) = postSolution
		{448554A6-9094-40A6-B3EC-B979A3F85220}.Debug|Any CPU.ActiveCfg = Debug|Any CPU
		{448554A6-9094-40A6-B3EC-B979A3F85220}.Debug|Any CPU.Build.0 = Debug|Any CPU
		{448554A6-9094-40A6-B3EC-B979A3F85220}.Release|Any CPU.ActiveCfg = Release|Any CPU
		{448554A6-9094-40A6-B3EC-B979A3F85220}.Release|Any CPU.Build.0 = Release|Any CPU
	EndGlobalSection
	GlobalSection(SolutionProperties) = preSolution
		HideSolutionNode = FALSE
	EndGlobalSection
	GlobalSection(ExtensibilityGlobals) = postSolution
		SolutionGuid = {62482E31-D1F5-4B1B-A632-6ABCA4E96D99}
	EndGlobalSection
EndGlobal
